# This file is automatically @generated by Wally.
# It is not intended for manual editing.
registry = "test"

[[package]]
name = "azuuu/weave"
version = "0.1.0-Iris"
dependencies = [["promise", "evaera/promise@4.0.0"], ["profilestore", "lm-loleris/profilestore@1.0.1"]]

[[package]]
name = "evaera/promise"
version = "4.0.0"
dependencies = []

[[package]]
name = "lm-loleris/profilestore"
version = "1.0.1"
dependencies = []
